
Microsoft Visual Studio Solution File, Format Version 12.00
# Visual Studio Version 17
VisualStudioVersion = 17.5.33502.453
MinimumVisualStudioVersion = 10.0.40219.1
Project("{9A19103F-16F7-4668-BE54-9A1E7A4F7556}") = "MotoFacts", "src\MotoFacts.csproj", "{D6A0A24E-D252-4C62-9600-6BA43D8D2AC2}"
EndProject
Project("{9A19103F-16F7-4668-BE54-9A1E7A4F7556}") = "MotoFacts.Tests", "tests\MotoFacts.Tests\MotoFacts.Tests.csproj", "{47980022-2D19-4D5B-B934-BC4EF090B5D1}"
EndProject
Global
	GlobalSection(SolutionConfigurationPlatforms) = preSolution
		Debug|Any CPU = Debug|Any CPU
		Release|Any CPU = Release|Any CPU
	EndGlobalSection
	GlobalSection(ProjectConfigurationPlatforms) = postSolution
		{D6A0A24E-D252-4C62-9600-6BA43D8D2AC2}.Debug|Any CPU.ActiveCfg = Debug|Any CPU
		{D6A0A24E-D252-4C62-9600-6BA43D8D2AC2}.Debug|Any CPU.Build.0 = Debug|Any CPU
		{D6A0A24E-D252-4C62-9600-6BA43D8D2AC2}.Release|Any CPU.ActiveCfg = Release|Any CPU
		{D6A0A24E-D252-4C62-9600-6BA43D8D2AC2}.Release|Any CPU.Build.0 = Release|Any CPU
		{47980022-2D19-4D5B-B934-BC4EF090B5D1}.Debug|Any CPU.ActiveCfg = Debug|Any CPU
		{47980022-2D19-4D5B-B934-BC4EF090B5D1}.Debug|Any CPU.Build.0 = Debug|Any CPU
		{47980022-2D19-4D5B-B934-BC4EF090B5D1}.Release|Any CPU.ActiveCfg = Release|Any CPU
		{47980022-2D19-4D5B-B934-BC4EF090B5D1}.Release|Any CPU.Build.0 = Release|Any CPU
	EndGlobalSection
	GlobalSection(SolutionProperties) = preSolution
		HideSolutionNode = FALSE
	EndGlobalSection
	GlobalSection(ExtensibilityGlobals) = postSolution
		SolutionGuid = {E155E4E1-5F0E-4499-BFEF-4F73EF7C3C8F}
	EndGlobalSection
EndGlobal
